{
    "name": "vyaktitva",
    "version": "0.0.1",
    "lockfileVersion": 2,
    "requires": true,
    "packages": {
        "": {
            "name": "vyaktitva",
            "version": "0.0.1",
            "license": "UNLICENSED",
            "dependencies": {
                "@stencil/core": "^2.11.0"
            }
        },
        "node_modules/@stencil/core": {
            "version": "2.11.0",
            "resolved": "https://registry.npmjs.org/@stencil/core/-/core-2.11.0.tgz",
            "integrity": "sha512-/IubCWhVXCguyMUp/3zGrg3c882+RJNg/zpiKfyfJL3kRCOwe+/MD8OoAXVGdd+xAohZKIi1Ik+EHFlsptsjLg==",
            "bin": {
                "stencil": "bin/stencil"
            },
            "engines": {
                "node": ">=12.10.0",
                "npm": ">=6.0.0"
            }
        }
    },
    "dependencies": {
        "@stencil/core": {
            "version": "2.11.0",
            "resolved": "https://registry.npmjs.org/@stencil/core/-/core-2.11.0.tgz",
            "integrity": "sha512-/IubCWhVXCguyMUp/3zGrg3c882+RJNg/zpiKfyfJL3kRCOwe+/MD8OoAXVGdd+xAohZKIi1Ik+EHFlsptsjLg=="
        }
    }
}
